
Microsoft Visual Studio Solution File, Format Version 12.00
# Visual Studio Version 17
VisualStudioVersion = 17.0.31903.59
MinimumVisualStudioVersion = 10.0.40219.1
Project("{9A19103F-16F7-4668-BE54-9A1E7A4F7556}") = "RemoteExtecutionSpike", "RemoteExecutionSpike\RemoteExtecutionSpike.csproj", "{076493D7-9B44-4BAC-B524-B572C79A4B6F}"
EndProject
Global
	GlobalSection(SolutionConfigurationPlatforms) = preSolution
		Debug|Any CPU = Debug|Any CPU
		Release|Any CPU = Release|Any CPU
	EndGlobalSection
	GlobalSection(ProjectConfigurationPlatforms) = postSolution
		{076493D7-9B44-4BAC-B524-B572C79A4B6F}.Debug|Any CPU.ActiveCfg = Debug|Any CPU
		{076493D7-9B44-4BAC-B524-B572C79A4B6F}.Debug|Any CPU.Build.0 = Debug|Any CPU
		{076493D7-9B44-4BAC-B524-B572C79A4B6F}.Release|Any CPU.ActiveCfg = Release|Any CPU
		{076493D7-9B44-4BAC-B524-B572C79A4B6F}.Release|Any CPU.Build.0 = Release|Any CPU
	EndGlobalSection
	GlobalSection(SolutionProperties) = preSolution
		HideSolutionNode = FALSE
	EndGlobalSection
	GlobalSection(ExtensibilityGlobals) = postSolution
		SolutionGuid = {17BFA6B6-B760-45CD-9783-6CF5EC44E181}
	EndGlobalSection
EndGlobal
